
Microsoft Visual Studio Solution File, Format Version 12.00
# Visual Studio 15
VisualStudioVersion = 15.0.27703.2035
MinimumVisualStudioVersion = 10.0.40219.1
Project("{FAE04EC0-301F-11D3-BF4B-00C04F79EFBC}") = "MusicCacheParser", "MusicCacheParser\MusicCacheParser.csproj", "{C50F8F06-6AFD-4D67-AA67-ADBF6C6C6F1C}"
EndProject
Global
	GlobalSection(SolutionConfigurationPlatforms) = preSolution
		Debug|Any CPU = Debug|Any CPU
		Release|Any CPU = Release|Any CPU
	EndGlobalSection
	GlobalSection(ProjectConfigurationPlatforms) = postSolution
		{C50F8F06-6AFD-4D67-AA67-ADBF6C6C6F1C}.Debug|Any CPU.ActiveCfg = Debug|Any CPU
		{C50F8F06-6AFD-4D67-AA67-ADBF6C6C6F1C}.Debug|Any CPU.Build.0 = Debug|Any CPU
		{C50F8F06-6AFD-4D67-AA67-ADBF6C6C6F1C}.Release|Any CPU.ActiveCfg = Release|Any CPU
		{C50F8F06-6AFD-4D67-AA67-ADBF6C6C6F1C}.Release|Any CPU.Build.0 = Release|Any CPU
	EndGlobalSection
	GlobalSection(SolutionProperties) = preSolution
		HideSolutionNode = FALSE
	EndGlobalSection
	GlobalSection(ExtensibilityGlobals) = postSolution
		SolutionGuid = {B702C1F2-E3DB-45BF-9A2A-B22932D25399}
	EndGlobalSection
EndGlobal
